
Microsoft Visual Studio Solution File, Format Version 12.00
# Visual Studio Version 16
VisualStudioVersion = 16.0.31112.23
MinimumVisualStudioVersion = 10.0.40219.1
Project("{9A19103F-16F7-4668-BE54-9A1E7A4F7556}") = "WinFormTicTacToe", "WinFormTicTacToe\WinFormTicTacToe.csproj", "{8914C50B-AF72-49F4-B4B0-863FF7D495E5}"
EndProject
Project("{FAE04EC0-301F-11D3-BF4B-00C04F79EFBC}") = "TicTacToeLogic", "TicTacToeLogic\TicTacToeLogic.csproj", "{84C038E7-31FB-4D94-B173-AF31C8BC5025}"
EndProject
Global
	GlobalSection(SolutionConfigurationPlatforms) = preSolution
		Debug|Any CPU = Debug|Any CPU
		Release|Any CPU = Release|Any CPU
	EndGlobalSection
	GlobalSection(ProjectConfigurationPlatforms) = postSolution
		{8914C50B-AF72-49F4-B4B0-863FF7D495E5}.Debug|Any CPU.ActiveCfg = Debug|Any CPU
		{8914C50B-AF72-49F4-B4B0-863FF7D495E5}.Debug|Any CPU.Build.0 = Debug|Any CPU
		{8914C50B-AF72-49F4-B4B0-863FF7D495E5}.Release|Any CPU.ActiveCfg = Release|Any CPU
		{8914C50B-AF72-49F4-B4B0-863FF7D495E5}.Release|Any CPU.Build.0 = Release|Any CPU
		{84C038E7-31FB-4D94-B173-AF31C8BC5025}.Debug|Any CPU.ActiveCfg = Debug|Any CPU
		{84C038E7-31FB-4D94-B173-AF31C8BC5025}.Debug|Any CPU.Build.0 = Debug|Any CPU
		{84C038E7-31FB-4D94-B173-AF31C8BC5025}.Release|Any CPU.ActiveCfg = Release|Any CPU
		{84C038E7-31FB-4D94-B173-AF31C8BC5025}.Release|Any CPU.Build.0 = Release|Any CPU
	EndGlobalSection
	GlobalSection(SolutionProperties) = preSolution
		HideSolutionNode = FALSE
	EndGlobalSection
	GlobalSection(ExtensibilityGlobals) = postSolution
		SolutionGuid = {EC29A595-D26A-4848-8C09-9D2EF860E1EF}
	EndGlobalSection
EndGlobal
